{
  "name": "sr-cache",
  "version": "0.0.1",
  "lockfileVersion": 1,
  "requires": true,
  "dependencies": {
    "@mapbox/tilebelt": {
      "version": "1.0.2",
      "resolved": "https://registry.npmjs.org/@mapbox/tilebelt/-/tilebelt-1.0.2.tgz",
      "integrity": "sha512-tGJN2VIgWrXqBTPIxFVklklIpcy6ss8W5ouq+cjNLXPXFraRaDR4Ice+5Q8/uLX+6aH23lWBMydOIn8PcdVcpA=="
    },
    "@turf/bbox": {
      "version": "6.3.0",
      "resolved": "https://registry.npmjs.org/@turf/bbox/-/bbox-6.3.0.tgz",
      "integrity": "sha512-N4ue5Xopu1qieSHP2MA/CJGWHPKaTrVXQJjzHRNcY1vtsO126xbSaJhWUrFc5x5vVkXp0dcucGryO0r5m4o/KA==",
      "requires": {
        "@turf/helpers": "^6.3.0",
        "@turf/meta": "^6.3.0"
      }
    },
    "@turf/bearing": {
      "version": "6.3.0",
      "resolved": "https://registry.npmjs.org/@turf/bearing/-/bearing-6.3.0.tgz",
      "integrity": "sha512-apuUm9xN6VQLO33m7F2mmzlm3dHfeesJjMSzh9iehGtgmp1IaVndjdcIvs0ieiwm8bN9UhwXpfPtO3pV0n9SFw==",
      "requires": {
        "@turf/helpers": "^6.3.0",
        "@turf/invariant": "^6.3.0"
      }
    },
    "@turf/buffer": {
      "version": "6.3.0",
      "resolved": "https://registry.npmjs.org/@turf/buffer/-/buffer-6.3.0.tgz",
      "integrity": "sha512-B0GWgJzmTaaw1GvTd+Df+ToKSYphz9d6hPCOwXbE2vS5DdZryoxBfxQ32LSX/hW/vx7TLf7E4M0VJBb+Sn1DKA==",
      "requires": {
        "@turf/bbox": "^6.3.0",
        "@turf/center": "^6.3.0",
        "@turf/helpers": "^6.3.0",
        "@turf/meta": "^6.3.0",
        "@turf/projection": "^6.3.0",
        "d3-geo": "1.7.1",
        "turf-jsts": "*"
      }
    },
    "@turf/center": {
      "version": "6.3.0",
      "resolved": "https://registry.npmjs.org/@turf/center/-/center-6.3.0.tgz",
      "integrity": "sha512-41g/ZYwoBs2PK7tpAHhf4D6llHdRvY827HLXCld5D0IOnzsWPqDk7WnV8P5uq4g/gyH1/WfKQYn5SgfSj4sSfw==",
      "requires": {
        "@turf/bbox": "^6.3.0",
        "@turf/helpers": "^6.3.0"
      }
    },
    "@turf/clone": {
      "version": "6.3.0",
      "resolved": "https://registry.npmjs.org/@turf/clone/-/clone-6.3.0.tgz",
      "integrity": "sha512-GAgN89/9GCqUKECB1oY2hcTs0K2rZj+a2tY6VfM0ef9wwckuQZCKi+kKGUzhKVrmHee15jKV8n6DY0er8OndKg==",
      "requires": {
        "@turf/helpers": "^6.3.0"
      }
    },
    "@turf/distance": {
      "version": "6.3.0",
      "resolved": "https://registry.npmjs.org/@turf/distance/-/distance-6.3.0.tgz",
      "integrity": "sha512-basi24ssNFnH3iXPFjp/aNUrukjObiFWoIyDRqKyBJxVwVOwAWvfk4d38QQyBj5nDo5IahYRq/Q+T47/5hSs9w==",
      "requires": {
        "@turf/helpers": "^6.3.0",
        "@turf/invariant": "^6.3.0"
      }
    },
    "@turf/helpers": {
      "version": "6.3.0",
      "resolved": "https://registry.npmjs.org/@turf/helpers/-/helpers-6.3.0.tgz",
      "integrity": "sha512-kr6KuD4Z0GZ30tblTEvi90rvvVNlKieXuMC8CTzE/rVQb0/f/Cb29zCXxTD7giQTEQY/P2nRW23wEqqyNHulCg=="
    },
    "@turf/invariant": {
      "version": "6.3.0",
      "resolved": "https://registry.npmjs.org/@turf/invariant/-/invariant-6.3.0.tgz",
      "integrity": "sha512-2OFOi9p+QOrcIMySEnr+WlOiKaFZ1bY56jA98YyECewJHfhPFWUBZEhc4nWGRT0ahK08Vus9+gcuBX8QIpCIIw==",
      "requires": {
        "@turf/helpers": "^6.3.0"
      }
    },
    "@turf/length": {
      "version": "6.3.0",
      "resolved": "https://registry.npmjs.org/@turf/length/-/length-6.3.0.tgz",
      "integrity": "sha512-91MHtigpV7mbrMW3xyaPVtLWQU3p487t3YHU4vdxih03p+dFI512dX/FtWbd9LNgrtBt4PM1uo1WmafGvfStKA==",
      "requires": {
        "@turf/distance": "^6.3.0",
        "@turf/helpers": "^6.3.0",
        "@turf/meta": "^6.3.0"
      }
    },
    "@turf/meta": {
      "version": "6.3.0",
      "resolved": "https://registry.npmjs.org/@turf/meta/-/meta-6.3.0.tgz",
      "integrity": "sha512-qBJjaAJS9H3ap0HlGXyF/Bzfl0qkA9suafX/jnDsZvWMfVLt+s+o6twKrXOGk5t7nnNON2NFRC8+czxpu104EQ==",
      "requires": {
        "@turf/helpers": "^6.3.0"
      }
    },
    "@turf/point-to-line-distance": {
      "version": "6.3.0",
      "resolved": "https://registry.npmjs.org/@turf/point-to-line-distance/-/point-to-line-distance-6.3.0.tgz",
      "integrity": "sha512-AqCcj4A0GPzKb3w+q+C9ex0r5mC+u+Ee6VN2jY1p25dxBQJNpMZKDE5LcWtaXeD+pAk3ZGmvea8LR5S0AJukxA==",
      "requires": {
        "@turf/bearing": "^6.3.0",
        "@turf/distance": "^6.3.0",
        "@turf/helpers": "^6.3.0",
        "@turf/invariant": "^6.3.0",
        "@turf/meta": "^6.3.0",
        "@turf/projection": "^6.3.0",
        "@turf/rhumb-bearing": "^6.3.0",
        "@turf/rhumb-distance": "^6.3.0"
      }
    },
    "@turf/projection": {
      "version": "6.3.0",
      "resolved": "https://registry.npmjs.org/@turf/projection/-/projection-6.3.0.tgz",
      "integrity": "sha512-IpSs7Q6G6xi47ynVlYYVegPLy6Jc0yo3/DcIm83jaJa4NnzPFXIFZT0v9Fe1N8MraHZqiqaSPbVnJXCGwR12lg==",
      "requires": {
        "@turf/clone": "^6.3.0",
        "@turf/helpers": "^6.3.0",
        "@turf/meta": "^6.3.0"
      }
    },
    "@turf/rhumb-bearing": {
      "version": "6.3.0",
      "resolved": "https://registry.npmjs.org/@turf/rhumb-bearing/-/rhumb-bearing-6.3.0.tgz",
      "integrity": "sha512-/c/BE3huEUrwN6gx7Bg2FzfJqeU+TWk/slQPDHpbVunlIPbS6L28brqSVD+KXfMG8HQIzynz6Pm4Y+j5Iv4aWA==",
      "requires": {
        "@turf/helpers": "^6.3.0",
        "@turf/invariant": "^6.3.0"
      }
    },
    "@turf/rhumb-distance": {
      "version": "6.3.0",
      "resolved": "https://registry.npmjs.org/@turf/rhumb-distance/-/rhumb-distance-6.3.0.tgz",
      "integrity": "sha512-wMIQVvznusonnp/POeucFdA4Rubn0NrkcEMdxdcCgFK7OmTz0zU4CEnNONF2IUGkQ5WwoKiuS7MOTQ8OuCjSfQ==",
      "requires": {
        "@turf/helpers": "^6.3.0",
        "@turf/invariant": "^6.3.0"
      }
    },
    "@types/geojson": {
      "version": "7946.0.7",
      "resolved": "https://registry.npmjs.org/@types/geojson/-/geojson-7946.0.7.tgz",
      "integrity": "sha512-wE2v81i4C4Ol09RtsWFAqg3BUitWbHSpSlIo+bNdsCJijO9sjme+zm+73ZMCa/qMC8UEERxzGbvmr1cffo2SiQ=="
    },
    "@types/node": {
      "version": "14.14.41",
      "resolved": "https://registry.npmjs.org/@types/node/-/node-14.14.41.tgz",
      "integrity": "sha512-dueRKfaJL4RTtSa7bWeTK1M+VH+Gns73oCgzvYfHZywRCoPSd8EkXBL0mZ9unPTveBn+D9phZBaxuzpwjWkW0g=="
    },
    "@types/pako": {
      "version": "1.0.1",
      "resolved": "https://registry.npmjs.org/@types/pako/-/pako-1.0.1.tgz",
      "integrity": "sha512-GdZbRSJ3Cv5fiwT6I0SQ3ckeN2PWNqxd26W9Z2fCK1tGrrasGy4puvNFtnddqH9UJFMQYXxEuuB7B8UK+LLwSg=="
    },
    "JSONStream": {
      "version": "1.3.5",
      "resolved": "https://registry.npmjs.org/JSONStream/-/JSONStream-1.3.5.tgz",
      "integrity": "sha512-E+iruNOY8VV9s4JEbe1aNEm6MiszPRr/UfcHMz0TQh1BXSxHK+ASV1R6W4HpjBhSeS+54PIsAMCBmwD06LLsqQ==",
      "requires": {
        "jsonparse": "^1.2.0",
        "through": ">=2.2.7 <3"
      }
    },
    "arg": {
      "version": "4.1.3",
      "resolved": "https://registry.npmjs.org/arg/-/arg-4.1.3.tgz",
      "integrity": "sha512-58S9QDqG0Xx27YwPSt9fJxivjYl432YCwfDMfZ+71RAqUrZef7LrKQZ3LHLOwCS4FLNBplP533Zx895SeOCHvA=="
    },
    "buffer-from": {
      "version": "1.1.1",
      "resolved": "https://registry.npmjs.org/buffer-from/-/buffer-from-1.1.1.tgz",
      "integrity": "sha512-MQcXEUbCKtEo7bhqEs6560Hyd4XaovZlO/k9V3hjVUF/zwW7KBVdSK4gIt/bzwS9MbR5qob+F5jusZsb0YQK2A=="
    },
    "create-require": {
      "version": "1.1.1",
      "resolved": "https://registry.npmjs.org/create-require/-/create-require-1.1.1.tgz",
      "integrity": "sha512-dcKFX3jn0MpIaXjisoRvexIJVEKzaq7z2rZKxf+MSr9TkdmHmsU4m2lcLojrj/FHl8mk5VxMmYA+ftRkP/3oKQ=="
    },
    "cross-fetch": {
      "version": "3.1.4",
      "resolved": "https://registry.npmjs.org/cross-fetch/-/cross-fetch-3.1.4.tgz",
      "integrity": "sha512-1eAtFWdIubi6T4XPy6ei9iUFoKpUkIF971QLN8lIvvvwueI65+Nw5haMNKUwfJxabqlIIDODJKGrQ66gxC0PbQ==",
      "requires": {
        "node-fetch": "2.6.1"
      }
    },
    "d3-array": {
      "version": "1.2.4",
      "resolved": "https://registry.npmjs.org/d3-array/-/d3-array-1.2.4.tgz",
      "integrity": "sha512-KHW6M86R+FUPYGb3R5XiYjXPq7VzwxZ22buHhAEVG5ztoEcZZMLov530mmccaqA1GghZArjQV46fuc8kUqhhHw=="
    },
    "d3-geo": {
      "version": "1.7.1",
      "resolved": "https://registry.npmjs.org/d3-geo/-/d3-geo-1.7.1.tgz",
      "integrity": "sha512-O4AempWAr+P5qbk2bC2FuN/sDW4z+dN2wDf9QV3bxQt4M5HfOEeXLgJ/UKQW0+o1Dj8BE+L5kiDbdWUMjsmQpw==",
      "requires": {
        "d3-array": "1"
      }
    },
    "diff": {
      "version": "4.0.2",
      "resolved": "https://registry.npmjs.org/diff/-/diff-4.0.2.tgz",
      "integrity": "sha512-58lmxKSA4BNyLz+HHMUzlOEpg09FV+ev6ZMe3vJihgdxzgcwZ8VoEEPmALCZG9LmqfVoNMMKpttIYTVG6uDY7A=="
    },
    "du": {
      "version": "1.0.0",
      "resolved": "https://registry.npmjs.org/du/-/du-1.0.0.tgz",
      "integrity": "sha512-w00+6XpIq924IvDLyOOx5HFO4KwH6YV6buqFx6og/ErTaJ34kVOyI+Q2f+X8pvZkDoEgT6xspA4iYSN99mqPDA==",
      "requires": {
        "map-async": "~0.1.1"
      }
    },
    "fast-png": {
      "version": "5.0.4",
      "resolved": "https://registry.npmjs.org/fast-png/-/fast-png-5.0.4.tgz",
      "integrity": "sha512-vTNj6yixRnclW6sTlCeH6sNRLBOhM5ITmlo1LSU5ojKEc2e9kZkqXPo2xzBxKb61MBCXRXBcr8qJztOHr2O6WQ==",
      "requires": {
        "@types/pako": "^1.0.1",
        "iobuffer": "^5.0.2",
        "pako": "^2.0.2"
      }
    },
    "iobuffer": {
      "version": "5.0.3",
      "resolved": "https://registry.npmjs.org/iobuffer/-/iobuffer-5.0.3.tgz",
      "integrity": "sha512-0SNk4hbHVXx9oE27vTJY+oiI0txkhBdQV12RvILd/7XuIhBZ0TkImq5EnhFYCcRcDff8jpFhZ9C2Sg+NIo3ZMQ=="
    },
    "isomorphic-fetch": {
      "version": "3.0.0",
      "resolved": "https://registry.npmjs.org/isomorphic-fetch/-/isomorphic-fetch-3.0.0.tgz",
      "integrity": "sha512-qvUtwJ3j6qwsF3jLxkZ72qCgjMysPzDfeV240JHiGZsANBYd+EEuu35v7dfrJ9Up0Ak07D7GGSkGhCHTqg/5wA==",
      "requires": {
        "node-fetch": "^2.6.1",
        "whatwg-fetch": "^3.4.1"
      }
    },
    "json-stringify-pretty-compact": {
      "version": "3.0.0",
      "resolved": "https://registry.npmjs.org/json-stringify-pretty-compact/-/json-stringify-pretty-compact-3.0.0.tgz",
      "integrity": "sha512-Rc2suX5meI0S3bfdZuA7JMFBGkJ875ApfVyq2WHELjBiiG22My/l7/8zPpH/CfFVQHuVLd8NLR0nv6vi0BYYKA=="
    },
    "jsonparse": {
      "version": "1.3.1",
      "resolved": "https://registry.npmjs.org/jsonparse/-/jsonparse-1.3.1.tgz",
      "integrity": "sha1-P02uSpH6wxX3EGL4UhzCOfE2YoA="
    },
    "make-error": {
      "version": "1.3.6",
      "resolved": "https://registry.npmjs.org/make-error/-/make-error-1.3.6.tgz",
      "integrity": "sha512-s8UhlNe7vPKomQhC1qFelMokr/Sc3AgNbso3n74mVPA5LTZwkB9NlXf4XPamLxJE8h0gh73rM94xvwRT2CVInw=="
    },
    "map-async": {
      "version": "0.1.1",
      "resolved": "https://registry.npmjs.org/map-async/-/map-async-0.1.1.tgz",
      "integrity": "sha1-yJfARJ+Fhkx0taPxlu20IVZDF0U="
    },
    "node-fetch": {
      "version": "2.6.1",
      "resolved": "https://registry.npmjs.org/node-fetch/-/node-fetch-2.6.1.tgz",
      "integrity": "sha512-V4aYg89jEoVRxRb2fJdAg8FHvI7cEyYdVAh94HH0UIK8oJxUfkjlDQN9RbMx+bEjP7+ggMiFRprSti032Oipxw=="
    },
    "overpass-ts": {
      "version": "4.2.4",
      "resolved": "https://registry.npmjs.org/overpass-ts/-/overpass-ts-4.2.4.tgz",
      "integrity": "sha512-hvLWgIK/p0YhqaOedG5DTimzrNP4dhpGSTXZLAq1mhWIIwkeATP0WmjVStg4JyYOxIZunIKZmT2EjrzyCBYcng==",
      "requires": {
        "isomorphic-fetch": "^3.0.0"
      }
    },
    "p-limit": {
      "version": "3.1.0",
      "resolved": "https://registry.npmjs.org/p-limit/-/p-limit-3.1.0.tgz",
      "integrity": "sha512-TYOanM3wGwNGsZN2cVTYPArw454xnXj5qmWF1bEoAc4+cU/ol7GVh7odevjp1FNHduHc3KZMcFduxU5Xc6uJRQ==",
      "requires": {
        "yocto-queue": "^0.1.0"
      }
    },
    "pako": {
      "version": "2.0.3",
      "resolved": "https://registry.npmjs.org/pako/-/pako-2.0.3.tgz",
      "integrity": "sha512-WjR1hOeg+kki3ZIOjaf4b5WVcay1jaliKSYiEaB1XzwhMQZJxRdQRv0V31EKBYlxb4T7SK3hjfc/jxyU64BoSw=="
    },
    "source-map": {
      "version": "0.6.1",
      "resolved": "https://registry.npmjs.org/source-map/-/source-map-0.6.1.tgz",
      "integrity": "sha512-UjgapumWlbMhkBgzT7Ykc5YXUT46F0iKu8SGXq0bcwP5dz/h0Plj6enJqjz1Zbq2l5WaqYnrVbwWOWMyF3F47g=="
    },
    "source-map-support": {
      "version": "0.5.19",
      "resolved": "https://registry.npmjs.org/source-map-support/-/source-map-support-0.5.19.tgz",
      "integrity": "sha512-Wonm7zOCIJzBGQdB+thsPar0kYuCIzYvxZwlBa87yi/Mdjv7Tip2cyVbLj5o0cFPN4EVkuTwb3GDDyUx2DGnGw==",
      "requires": {
        "buffer-from": "^1.0.0",
        "source-map": "^0.6.0"
      }
    },
    "superroute": {
      "version": "0.1.12",
      "resolved": "https://registry.npmjs.org/superroute/-/superroute-0.1.12.tgz",
      "integrity": "sha512-XI5iS6mDr/WxDU7toGfHdYkkFGhzxShdM12tWwO5Z5JQB1f0yFmBt05zQY9Qc4PhCVPqvj9L8iVIM+yWh/JFnQ==",
      "requires": {
        "@turf/length": "^6.3.0",
        "overpass-ts": "^4.2.4"
      }
    },
    "through": {
      "version": "2.3.8",
      "resolved": "https://registry.npmjs.org/through/-/through-2.3.8.tgz",
      "integrity": "sha1-DdTJ/6q8NXlgsbckEV1+Doai4fU="
    },
    "ts-node": {
      "version": "9.1.1",
      "resolved": "https://registry.npmjs.org/ts-node/-/ts-node-9.1.1.tgz",
      "integrity": "sha512-hPlt7ZACERQGf03M253ytLY3dHbGNGrAq9qIHWUY9XHYl1z7wYngSr3OQ5xmui8o2AaxsONxIzjafLUiWBo1Fg==",
      "requires": {
        "arg": "^4.1.0",
        "create-require": "^1.1.0",
        "diff": "^4.0.1",
        "make-error": "^1.1.1",
        "source-map-support": "^0.5.17",
        "yn": "3.1.1"
      }
    },
    "turf-jsts": {
      "version": "1.2.3",
      "resolved": "https://registry.npmjs.org/turf-jsts/-/turf-jsts-1.2.3.tgz",
      "integrity": "sha512-Ja03QIJlPuHt4IQ2FfGex4F4JAr8m3jpaHbFbQrgwr7s7L6U8ocrHiF3J1+wf9jzhGKxvDeaCAnGDot8OjGFyA=="
    },
    "typescript": {
      "version": "4.2.4",
      "resolved": "https://registry.npmjs.org/typescript/-/typescript-4.2.4.tgz",
      "integrity": "sha512-V+evlYHZnQkaz8TRBuxTA92yZBPotr5H+WhQ7bD3hZUndx5tGOa1fuCgeSjxAzM1RiN5IzvadIXTVefuuwZCRg=="
    },
    "whatwg-fetch": {
      "version": "3.6.2",
      "resolved": "https://registry.npmjs.org/whatwg-fetch/-/whatwg-fetch-3.6.2.tgz",
      "integrity": "sha512-bJlen0FcuU/0EMLrdbJ7zOnW6ITZLrZMIarMUVmdKtsGvZna8vxKYaexICWPfZ8qwf9fzNq+UEIZrnSaApt6RA=="
    },
    "yn": {
      "version": "3.1.1",
      "resolved": "https://registry.npmjs.org/yn/-/yn-3.1.1.tgz",
      "integrity": "sha512-Ux4ygGWsu2c7isFWe8Yu1YluJmqVhxqK2cLXNQA5AcC3QfbGNpM7fu0Y8b/z16pXLnFxZYvWhd3fhBY9DLmC6Q=="
    },
    "yocto-queue": {
      "version": "0.1.0",
      "resolved": "https://registry.npmjs.org/yocto-queue/-/yocto-queue-0.1.0.tgz",
      "integrity": "sha512-rVksvsnNCdJ/ohGc6xgPwyN8eheCxsiLM8mxuE/t/mOVqJewPuO1miLpTHQiRgTKCLexL4MeAFVagts7HmNZ2Q=="
    },
    "z-factory": {
      "version": "0.2.6",
      "resolved": "https://registry.npmjs.org/z-factory/-/z-factory-0.2.6.tgz",
      "integrity": "sha512-Rsu8yhZJvv0TsZl4mHR2H/AGNKd0DBAQ0Uned9iSOz8xYUUWwPd343TK/SvAeEXiIXMpKj6wAMfhVwkcSvtVcQ==",
      "requires": {
        "cross-fetch": "^3.0.6",
        "fast-png": "^5.0.3",
        "p-limit": "^3.1.0"
      }
    }
  }
}
